
Microsoft Visual Studio Solution File, Format Version 12.00
# Visual Studio Version 17
VisualStudioVersion = 17.14.36203.30 d17.14
MinimumVisualStudioVersion = 10.0.40219.1
Project("{FAE04EC0-301F-11D3-BF4B-00C04F79EFBC}") = "FactoryPattern", "FactoryPattern.csproj", "{0F634A82-F4BA-482D-9249-B2A7109A1864}"
EndProject
Global
	GlobalSection(SolutionConfigurationPlatforms) = preSolution
		Debug|Any CPU = Debug|Any CPU
		Release|Any CPU = Release|Any CPU
	EndGlobalSection
	GlobalSection(ProjectConfigurationPlatforms) = postSolution
		{0F634A82-F4BA-482D-9249-B2A7109A1864}.Debug|Any CPU.ActiveCfg = Debug|Any CPU
		{0F634A82-F4BA-482D-9249-B2A7109A1864}.Debug|Any CPU.Build.0 = Debug|Any CPU
		{0F634A82-F4BA-482D-9249-B2A7109A1864}.Release|Any CPU.ActiveCfg = Release|Any CPU
		{0F634A82-F4BA-482D-9249-B2A7109A1864}.Release|Any CPU.Build.0 = Release|Any CPU
	EndGlobalSection
	GlobalSection(SolutionProperties) = preSolution
		HideSolutionNode = FALSE
	EndGlobalSection
	GlobalSection(ExtensibilityGlobals) = postSolution
		SolutionGuid = {498747C3-8C01-45A5-8E66-1420CE762BB9}
	EndGlobalSection
EndGlobal
