
Microsoft Visual Studio Solution File, Format Version 12.00
# Visual Studio Version 17
VisualStudioVersion = 17.14.36203.30 d17.14
MinimumVisualStudioVersion = 10.0.40219.1
Project("{FAE04EC0-301F-11D3-BF4B-00C04F79EFBC}") = "DecoratorPattern", "DecoratorPattern.csproj", "{7DF3358D-0089-43AA-A2D2-102BAECEFCDD}"
EndProject
Global
	GlobalSection(SolutionConfigurationPlatforms) = preSolution
		Debug|Any CPU = Debug|Any CPU
		Release|Any CPU = Release|Any CPU
	EndGlobalSection
	GlobalSection(ProjectConfigurationPlatforms) = postSolution
		{7DF3358D-0089-43AA-A2D2-102BAECEFCDD}.Debug|Any CPU.ActiveCfg = Debug|Any CPU
		{7DF3358D-0089-43AA-A2D2-102BAECEFCDD}.Debug|Any CPU.Build.0 = Debug|Any CPU
		{7DF3358D-0089-43AA-A2D2-102BAECEFCDD}.Release|Any CPU.ActiveCfg = Release|Any CPU
		{7DF3358D-0089-43AA-A2D2-102BAECEFCDD}.Release|Any CPU.Build.0 = Release|Any CPU
	EndGlobalSection
	GlobalSection(SolutionProperties) = preSolution
		HideSolutionNode = FALSE
	EndGlobalSection
	GlobalSection(ExtensibilityGlobals) = postSolution
		SolutionGuid = {562BCD66-C472-4970-A289-895D150C43DB}
	EndGlobalSection
EndGlobal
